
Microsoft Visual Studio Solution File, Format Version 12.00
# Visual Studio Version 17
VisualStudioVersion = 17.5.33209.295
MinimumVisualStudioVersion = 10.0.40219.1
Project("{FAE04EC0-301F-11D3-BF4B-00C04F79EFBC}") = "RingTest.Android", "RingTest\RingTest.Android\RingTest.Android.csproj", "{EB1BE2DA-7560-47EE-A205-86F0FC17F768}"
EndProject
Project("{FAE04EC0-301F-11D3-BF4B-00C04F79EFBC}") = "RingTest", "RingTest\RingTest\RingTest.csproj", "{EC08DBF2-498D-4055-86A6-BADE4B3FFF0A}"
EndProject
Global
	GlobalSection(SolutionConfigurationPlatforms) = preSolution
		Debug|Any CPU = Debug|Any CPU
		Release|Any CPU = Release|Any CPU
	EndGlobalSection
	GlobalSection(ProjectConfigurationPlatforms) = postSolution
		{EB1BE2DA-7560-47EE-A205-86F0FC17F768}.Debug|Any CPU.ActiveCfg = Debug|Any CPU
		{EB1BE2DA-7560-47EE-A205-86F0FC17F768}.Debug|Any CPU.Build.0 = Debug|Any CPU
		{EB1BE2DA-7560-47EE-A205-86F0FC17F768}.Debug|Any CPU.Deploy.0 = Debug|Any CPU
		{EB1BE2DA-7560-47EE-A205-86F0FC17F768}.Release|Any CPU.ActiveCfg = Release|Any CPU
		{EB1BE2DA-7560-47EE-A205-86F0FC17F768}.Release|Any CPU.Build.0 = Release|Any CPU
		{EB1BE2DA-7560-47EE-A205-86F0FC17F768}.Release|Any CPU.Deploy.0 = Release|Any CPU
		{EC08DBF2-498D-4055-86A6-BADE4B3FFF0A}.Debug|Any CPU.ActiveCfg = Debug|Any CPU
		{EC08DBF2-498D-4055-86A6-BADE4B3FFF0A}.Debug|Any CPU.Build.0 = Debug|Any CPU
		{EC08DBF2-498D-4055-86A6-BADE4B3FFF0A}.Debug|Any CPU.Deploy.0 = Debug|Any CPU
		{EC08DBF2-498D-4055-86A6-BADE4B3FFF0A}.Release|Any CPU.ActiveCfg = Release|Any CPU
		{EC08DBF2-498D-4055-86A6-BADE4B3FFF0A}.Release|Any CPU.Build.0 = Release|Any CPU
		{EC08DBF2-498D-4055-86A6-BADE4B3FFF0A}.Release|Any CPU.Deploy.0 = Release|Any CPU
	EndGlobalSection
	GlobalSection(SolutionProperties) = preSolution
		HideSolutionNode = FALSE
	EndGlobalSection
	GlobalSection(ExtensibilityGlobals) = postSolution
		SolutionGuid = {C3BBC767-289C-4301-BACA-BC0BCF942A77}
	EndGlobalSection
EndGlobal
